
Microsoft Visual Studio Solution File, Format Version 12.00
# Visual Studio Version 16
VisualStudioVersion = 16.0.29326.143
MinimumVisualStudioVersion = 10.0.40219.1
Project("{FAE04EC0-301F-11D3-BF4B-00C04F79EFBC}") = "Mod6Lab_CreateMyOwn", "Mod6Lab_CreateMyOwn\Mod6Lab_CreateMyOwn.csproj", "{0A2534CE-3784-49B9-8DE1-6B4A7EF74A6E}"
EndProject
Global
	GlobalSection(SolutionConfigurationPlatforms) = preSolution
		Debug|Any CPU = Debug|Any CPU
		Release|Any CPU = Release|Any CPU
	EndGlobalSection
	GlobalSection(ProjectConfigurationPlatforms) = postSolution
		{0A2534CE-3784-49B9-8DE1-6B4A7EF74A6E}.Debug|Any CPU.ActiveCfg = Debug|Any CPU
		{0A2534CE-3784-49B9-8DE1-6B4A7EF74A6E}.Debug|Any CPU.Build.0 = Debug|Any CPU
		{0A2534CE-3784-49B9-8DE1-6B4A7EF74A6E}.Release|Any CPU.ActiveCfg = Release|Any CPU
		{0A2534CE-3784-49B9-8DE1-6B4A7EF74A6E}.Release|Any CPU.Build.0 = Release|Any CPU
	EndGlobalSection
	GlobalSection(SolutionProperties) = preSolution
		HideSolutionNode = FALSE
	EndGlobalSection
	GlobalSection(ExtensibilityGlobals) = postSolution
		SolutionGuid = {378BFDA6-BBCE-428A-8761-B912E8164B8F}
	EndGlobalSection
EndGlobal
